
Microsoft Visual Studio Solution File, Format Version 12.00
# Visual Studio Version 17
VisualStudioVersion = 17.5.002.0
MinimumVisualStudioVersion = 10.0.40219.1
Project("{9A19103F-16F7-4668-BE54-9A1E7A4F7556}") = "AcornTest", "AcornTest.csproj", "{C49C8E95-805F-4479-91FF-CCC4C34E863C}"
EndProject
Global
	GlobalSection(SolutionConfigurationPlatforms) = preSolution
		Debug|Any CPU = Debug|Any CPU
		Release|Any CPU = Release|Any CPU
	EndGlobalSection
	GlobalSection(ProjectConfigurationPlatforms) = postSolution
		{C49C8E95-805F-4479-91FF-CCC4C34E863C}.Debug|Any CPU.ActiveCfg = Debug|Any CPU
		{C49C8E95-805F-4479-91FF-CCC4C34E863C}.Debug|Any CPU.Build.0 = Debug|Any CPU
		{C49C8E95-805F-4479-91FF-CCC4C34E863C}.Release|Any CPU.ActiveCfg = Release|Any CPU
		{C49C8E95-805F-4479-91FF-CCC4C34E863C}.Release|Any CPU.Build.0 = Release|Any CPU
	EndGlobalSection
	GlobalSection(SolutionProperties) = preSolution
		HideSolutionNode = FALSE
	EndGlobalSection
	GlobalSection(ExtensibilityGlobals) = postSolution
		SolutionGuid = {4B1301E3-7C5F-4BC3-AC7C-6720403C3C73}
	EndGlobalSection
EndGlobal
